
Microsoft Visual Studio Solution File, Format Version 12.00
# Visual Studio Version 17
VisualStudioVersion = 17.3.32929.385
MinimumVisualStudioVersion = 10.0.40219.1
Project("{FAE04EC0-301F-11D3-BF4B-00C04F79EFBC}") = "Задача_12_работа над ошибками", "Задача_12_работа над ошибками\Задача_12_работа над ошибками.csproj", "{1E04428A-9DB9-4488-B11A-433D142C2200}"
EndProject
Global
	GlobalSection(SolutionConfigurationPlatforms) = preSolution
		Debug|Any CPU = Debug|Any CPU
		Release|Any CPU = Release|Any CPU
	EndGlobalSection
	GlobalSection(ProjectConfigurationPlatforms) = postSolution
		{1E04428A-9DB9-4488-B11A-433D142C2200}.Debug|Any CPU.ActiveCfg = Debug|Any CPU
		{1E04428A-9DB9-4488-B11A-433D142C2200}.Debug|Any CPU.Build.0 = Debug|Any CPU
		{1E04428A-9DB9-4488-B11A-433D142C2200}.Release|Any CPU.ActiveCfg = Release|Any CPU
		{1E04428A-9DB9-4488-B11A-433D142C2200}.Release|Any CPU.Build.0 = Release|Any CPU
	EndGlobalSection
	GlobalSection(SolutionProperties) = preSolution
		HideSolutionNode = FALSE
	EndGlobalSection
	GlobalSection(ExtensibilityGlobals) = postSolution
		SolutionGuid = {AA90DBF9-795D-4F02-98AF-D837B8183E0C}
	EndGlobalSection
EndGlobal
